
Microsoft Visual Studio Solution File, Format Version 12.00
# Visual Studio Version 16
VisualStudioVersion = 16.0.28803.202
MinimumVisualStudioVersion = 10.0.40219.1
Project("{9A19103F-16F7-4668-BE54-9A1E7A4F7556}") = "Business", "Business\Business.csproj", "{4CEC5C2B-4710-47C4-BE87-A88D53BBFA89}"
EndProject
Project("{9A19103F-16F7-4668-BE54-9A1E7A4F7556}") = "Business.Test", "Business.Test\Business.Test.csproj", "{66E95F2D-A1F3-44DA-A0E1-A29FEABB3DDE}"
EndProject
Project("{9A19103F-16F7-4668-BE54-9A1E7A4F7556}") = "Repository", "Repository\Repository.csproj", "{330302D7-34A9-45C6-ABE6-7E156BBD8407}"
EndProject
Project("{9A19103F-16F7-4668-BE54-9A1E7A4F7556}") = "Entities", "Entities\Entities.csproj", "{36615BD2-C357-4F01-9FDE-94F4FA876CA6}"
EndProject
Global
	GlobalSection(SolutionConfigurationPlatforms) = preSolution
		Debug|Any CPU = Debug|Any CPU
		Release|Any CPU = Release|Any CPU
	EndGlobalSection
	GlobalSection(ProjectConfigurationPlatforms) = postSolution
		{4CEC5C2B-4710-47C4-BE87-A88D53BBFA89}.Debug|Any CPU.ActiveCfg = Debug|Any CPU
		{4CEC5C2B-4710-47C4-BE87-A88D53BBFA89}.Debug|Any CPU.Build.0 = Debug|Any CPU
		{4CEC5C2B-4710-47C4-BE87-A88D53BBFA89}.Release|Any CPU.ActiveCfg = Release|Any CPU
		{4CEC5C2B-4710-47C4-BE87-A88D53BBFA89}.Release|Any CPU.Build.0 = Release|Any CPU
		{66E95F2D-A1F3-44DA-A0E1-A29FEABB3DDE}.Debug|Any CPU.ActiveCfg = Debug|Any CPU
		{66E95F2D-A1F3-44DA-A0E1-A29FEABB3DDE}.Debug|Any CPU.Build.0 = Debug|Any CPU
		{66E95F2D-A1F3-44DA-A0E1-A29FEABB3DDE}.Release|Any CPU.ActiveCfg = Release|Any CPU
		{66E95F2D-A1F3-44DA-A0E1-A29FEABB3DDE}.Release|Any CPU.Build.0 = Release|Any CPU
		{330302D7-34A9-45C6-ABE6-7E156BBD8407}.Debug|Any CPU.ActiveCfg = Debug|Any CPU
		{330302D7-34A9-45C6-ABE6-7E156BBD8407}.Debug|Any CPU.Build.0 = Debug|Any CPU
		{330302D7-34A9-45C6-ABE6-7E156BBD8407}.Release|Any CPU.ActiveCfg = Release|Any CPU
		{330302D7-34A9-45C6-ABE6-7E156BBD8407}.Release|Any CPU.Build.0 = Release|Any CPU
		{36615BD2-C357-4F01-9FDE-94F4FA876CA6}.Debug|Any CPU.ActiveCfg = Debug|Any CPU
		{36615BD2-C357-4F01-9FDE-94F4FA876CA6}.Debug|Any CPU.Build.0 = Debug|Any CPU
		{36615BD2-C357-4F01-9FDE-94F4FA876CA6}.Release|Any CPU.ActiveCfg = Release|Any CPU
		{36615BD2-C357-4F01-9FDE-94F4FA876CA6}.Release|Any CPU.Build.0 = Release|Any CPU
	EndGlobalSection
	GlobalSection(SolutionProperties) = preSolution
		HideSolutionNode = FALSE
	EndGlobalSection
	GlobalSection(ExtensibilityGlobals) = postSolution
		SolutionGuid = {B500D924-2BF5-4049-BFCF-68E9225D1891}
	EndGlobalSection
EndGlobal
